
Microsoft Visual Studio Solution File, Format Version 12.00
# Visual Studio Version 17
VisualStudioVersion = 17.6.33815.320
MinimumVisualStudioVersion = 10.0.40219.1
Project("{FAE04EC0-301F-11D3-BF4B-00C04F79EFBC}") = "LeetCodeSolutions", "LeetCodeSolutions.csproj", "{65809C1A-CDD5-45FA-8549-85AD10283EF0}"
EndProject
Global
	GlobalSection(SolutionConfigurationPlatforms) = preSolution
		Debug|Any CPU = Debug|Any CPU
		Release|Any CPU = Release|Any CPU
	EndGlobalSection
	GlobalSection(ProjectConfigurationPlatforms) = postSolution
		{65809C1A-CDD5-45FA-8549-85AD10283EF0}.Debug|Any CPU.ActiveCfg = Debug|Any CPU
		{65809C1A-CDD5-45FA-8549-85AD10283EF0}.Debug|Any CPU.Build.0 = Debug|Any CPU
		{65809C1A-CDD5-45FA-8549-85AD10283EF0}.Release|Any CPU.ActiveCfg = Release|Any CPU
		{65809C1A-CDD5-45FA-8549-85AD10283EF0}.Release|Any CPU.Build.0 = Release|Any CPU
	EndGlobalSection
	GlobalSection(SolutionProperties) = preSolution
		HideSolutionNode = FALSE
	EndGlobalSection
	GlobalSection(ExtensibilityGlobals) = postSolution
		SolutionGuid = {56C329D5-77CC-4219-9427-0CFE3766DDE0}
	EndGlobalSection
EndGlobal
